
Microsoft Visual Studio Solution File, Format Version 12.00
# Visual Studio Version 17
VisualStudioVersion = 17.8.34330.188
MinimumVisualStudioVersion = 10.0.40219.1
Project("{FAE04EC0-301F-11D3-BF4B-00C04F79EFBC}") = "BackendAPI", "BackendAPI\BackendAPI.csproj", "{EE360F55-983A-45A1-87C1-EE0A543D393B}"
EndProject
Global
	GlobalSection(SolutionConfigurationPlatforms) = preSolution
		Debug|Any CPU = Debug|Any CPU
		Release|Any CPU = Release|Any CPU
	EndGlobalSection
	GlobalSection(ProjectConfigurationPlatforms) = postSolution
		{EE360F55-983A-45A1-87C1-EE0A543D393B}.Debug|Any CPU.ActiveCfg = Debug|Any CPU
		{EE360F55-983A-45A1-87C1-EE0A543D393B}.Debug|Any CPU.Build.0 = Debug|Any CPU
		{EE360F55-983A-45A1-87C1-EE0A543D393B}.Release|Any CPU.ActiveCfg = Release|Any CPU
		{EE360F55-983A-45A1-87C1-EE0A543D393B}.Release|Any CPU.Build.0 = Release|Any CPU
	EndGlobalSection
	GlobalSection(SolutionProperties) = preSolution
		HideSolutionNode = FALSE
	EndGlobalSection
	GlobalSection(ExtensibilityGlobals) = postSolution
		SolutionGuid = {F81D4BD7-0CC9-4887-BFC3-4383910CFAE2}
	EndGlobalSection
EndGlobal
